
Microsoft Visual Studio Solution File, Format Version 12.00
# Visual Studio Version 17
VisualStudioVersion = 17.4.33213.308
MinimumVisualStudioVersion = 10.0.40219.1
Project("{FAE04EC0-301F-11D3-BF4B-00C04F79EFBC}") = "PruebaEnero", "PruebaEnero\PruebaEnero.csproj", "{0F861F67-422A-4D1F-AA40-A0EAFF953C44}"
EndProject
Project("{FAE04EC0-301F-11D3-BF4B-00C04F79EFBC}") = "Formulario", "Formulario\Formulario.csproj", "{421892FB-E192-4079-9B0B-361E8AD96A77}"
EndProject
Project("{FAE04EC0-301F-11D3-BF4B-00C04F79EFBC}") = "Producto", "Producto\Producto.csproj", "{36E1BA90-A5B2-4638-B495-40AE4A93C212}"
EndProject
Project("{FAE04EC0-301F-11D3-BF4B-00C04F79EFBC}") = "ProductoVendido", "ProductoVendido\ProductoVendido.csproj", "{86D295B6-EF43-4B3C-B1D1-09B4A900D2AD}"
EndProject
Project("{FAE04EC0-301F-11D3-BF4B-00C04F79EFBC}") = "Usuario", "Usuario\Usuario.csproj", "{00C0D5E0-B1A0-411C-A6D1-6EB2E48BB38F}"
EndProject
Project("{FAE04EC0-301F-11D3-BF4B-00C04F79EFBC}") = "Venta", "Venta\Venta.csproj", "{C2ADC4F3-46D4-40A4-B369-C8A8192CE946}"
EndProject
Global
	GlobalSection(SolutionConfigurationPlatforms) = preSolution
		Debug|Any CPU = Debug|Any CPU
		Release|Any CPU = Release|Any CPU
	EndGlobalSection
	GlobalSection(ProjectConfigurationPlatforms) = postSolution
		{0F861F67-422A-4D1F-AA40-A0EAFF953C44}.Debug|Any CPU.ActiveCfg = Debug|Any CPU
		{0F861F67-422A-4D1F-AA40-A0EAFF953C44}.Debug|Any CPU.Build.0 = Debug|Any CPU
		{0F861F67-422A-4D1F-AA40-A0EAFF953C44}.Release|Any CPU.ActiveCfg = Release|Any CPU
		{0F861F67-422A-4D1F-AA40-A0EAFF953C44}.Release|Any CPU.Build.0 = Release|Any CPU
		{421892FB-E192-4079-9B0B-361E8AD96A77}.Debug|Any CPU.ActiveCfg = Debug|Any CPU
		{421892FB-E192-4079-9B0B-361E8AD96A77}.Debug|Any CPU.Build.0 = Debug|Any CPU
		{421892FB-E192-4079-9B0B-361E8AD96A77}.Release|Any CPU.ActiveCfg = Release|Any CPU
		{421892FB-E192-4079-9B0B-361E8AD96A77}.Release|Any CPU.Build.0 = Release|Any CPU
		{36E1BA90-A5B2-4638-B495-40AE4A93C212}.Debug|Any CPU.ActiveCfg = Debug|Any CPU
		{36E1BA90-A5B2-4638-B495-40AE4A93C212}.Debug|Any CPU.Build.0 = Debug|Any CPU
		{36E1BA90-A5B2-4638-B495-40AE4A93C212}.Release|Any CPU.ActiveCfg = Release|Any CPU
		{36E1BA90-A5B2-4638-B495-40AE4A93C212}.Release|Any CPU.Build.0 = Release|Any CPU
		{86D295B6-EF43-4B3C-B1D1-09B4A900D2AD}.Debug|Any CPU.ActiveCfg = Debug|Any CPU
		{86D295B6-EF43-4B3C-B1D1-09B4A900D2AD}.Debug|Any CPU.Build.0 = Debug|Any CPU
		{86D295B6-EF43-4B3C-B1D1-09B4A900D2AD}.Release|Any CPU.ActiveCfg = Release|Any CPU
		{86D295B6-EF43-4B3C-B1D1-09B4A900D2AD}.Release|Any CPU.Build.0 = Release|Any CPU
		{00C0D5E0-B1A0-411C-A6D1-6EB2E48BB38F}.Debug|Any CPU.ActiveCfg = Debug|Any CPU
		{00C0D5E0-B1A0-411C-A6D1-6EB2E48BB38F}.Debug|Any CPU.Build.0 = Debug|Any CPU
		{00C0D5E0-B1A0-411C-A6D1-6EB2E48BB38F}.Release|Any CPU.ActiveCfg = Release|Any CPU
		{00C0D5E0-B1A0-411C-A6D1-6EB2E48BB38F}.Release|Any CPU.Build.0 = Release|Any CPU
		{C2ADC4F3-46D4-40A4-B369-C8A8192CE946}.Debug|Any CPU.ActiveCfg = Debug|Any CPU
		{C2ADC4F3-46D4-40A4-B369-C8A8192CE946}.Debug|Any CPU.Build.0 = Debug|Any CPU
		{C2ADC4F3-46D4-40A4-B369-C8A8192CE946}.Release|Any CPU.ActiveCfg = Release|Any CPU
		{C2ADC4F3-46D4-40A4-B369-C8A8192CE946}.Release|Any CPU.Build.0 = Release|Any CPU
	EndGlobalSection
	GlobalSection(SolutionProperties) = preSolution
		HideSolutionNode = FALSE
	EndGlobalSection
	GlobalSection(ExtensibilityGlobals) = postSolution
		SolutionGuid = {3E92F8FD-D496-4561-AEE0-11B16BB338A3}
	EndGlobalSection
EndGlobal
